// !$*UTF8*$!
{
	archiveVersion = 1;
	classes = {
	};
	objectVersion = 50;
	objects = {

/* Begin PBXBuildFile section */
		CE1001E625F3380D001BFD2E /* DromTestAppUITests.swift in Sources */ = {isa = PBXBuildFile; fileRef = CE1001E525F3380D001BFD2E /* DromTestAppUITests.swift */; };
		CE1259FC25F5CF0F0066DC05 /* ImagesURLManagerTest.swift in Sources */ = {isa = PBXBuildFile; fileRef = CE1259FB25F5CF0F0066DC05 /* ImagesURLManagerTest.swift */; };
		CE125A0425F5D1B50066DC05 /* ImagesCollectionViewDataSourceTest.swift in Sources */ = {isa = PBXBuildFile; fileRef = CE125A0325F5D1B50066DC05 /* ImagesCollectionViewDataSourceTest.swift */; };
		CE48D3C725F47DEF00D79F5A /* ImagesListInteractorTest.swift in Sources */ = {isa = PBXBuildFile; fileRef = CE48D3C625F47DEF00D79F5A /* ImagesListInteractorTest.swift */; };
		CE48D3D225F47E4B00D79F5A /* ImagesListPresenterTest.swift in Sources */ = {isa = PBXBuildFile; fileRef = CE48D3D125F47E4B00D79F5A /* ImagesListPresenterTest.swift */; };
		CE48D3E525F47FD500D79F5A /* ImagesListInteractorTests.swift in Sources */ = {isa = PBXBuildFile; fileRef = CE48D3E425F47FD500D79F5A /* ImagesListInteractorTests.swift */; };
		CE48D3F125F48ADC00D79F5A /* ImagesListViewControllerTests.swift in Sources */ = {isa = PBXBuildFile; fileRef = CE48D3F025F48ADC00D79F5A /* ImagesListViewControllerTests.swift */; };
		CE48D40425F48F6000D79F5A /* ImagesListPresenterTests.swift in Sources */ = {isa = PBXBuildFile; fileRef = CE48D40325F48F6000D79F5A /* ImagesListPresenterTests.swift */; };
		CE48D41525F4902000D79F5A /* ImagesListRouterTest.swift in Sources */ = {isa = PBXBuildFile; fileRef = CE48D41425F4902000D79F5A /* ImagesListRouterTest.swift */; };
		CE48D41A25F4912200D79F5A /* ImagesListViewTest.swift in Sources */ = {isa = PBXBuildFile; fileRef = CE48D41925F4912200D79F5A /* ImagesListViewTest.swift */; };
		CE9940CC25E7725A006DB8E9 /* AppDelegate.swift in Sources */ = {isa = PBXBuildFile; fileRef = CE9940CB25E7725A006DB8E9 /* AppDelegate.swift */; };
		CE9940CE25E7725A006DB8E9 /* SceneDelegate.swift in Sources */ = {isa = PBXBuildFile; fileRef = CE9940CD25E7725A006DB8E9 /* SceneDelegate.swift */; };
		CE9940D025E7725A006DB8E9 /* ImagesListViewController.swift in Sources */ = {isa = PBXBuildFile; fileRef = CE9940CF25E7725A006DB8E9 /* ImagesListViewController.swift */; };
		CE9940D525E7725C006DB8E9 /* Assets.xcassets in Resources */ = {isa = PBXBuildFile; fileRef = CE9940D425E7725C006DB8E9 /* Assets.xcassets */; };
		CE9940D825E7725C006DB8E9 /* LaunchScreen.storyboard in Resources */ = {isa = PBXBuildFile; fileRef = CE9940D625E7725C006DB8E9 /* LaunchScreen.storyboard */; };
		CE9940E425E7742F006DB8E9 /* NavigationControllerAssembly.swift in Sources */ = {isa = PBXBuildFile; fileRef = CE9940E325E7742F006DB8E9 /* NavigationControllerAssembly.swift */; };
		CE9940EE25E7753C006DB8E9 /* ImagesListVCAssembly.swift in Sources */ = {isa = PBXBuildFile; fileRef = CE9940ED25E7753C006DB8E9 /* ImagesListVCAssembly.swift */; };
		CE9940F225E775F3006DB8E9 /* ImagesListView.swift in Sources */ = {isa = PBXBuildFile; fileRef = CE9940F125E775F3006DB8E9 /* ImagesListView.swift */; };
		CE9940FA25E77604006DB8E9 /* ImagesListPresenter.swift in Sources */ = {isa = PBXBuildFile; fileRef = CE9940F925E77604006DB8E9 /* ImagesListPresenter.swift */; };
		CE9940FD25E77610006DB8E9 /* ImagesListInteractor.swift in Sources */ = {isa = PBXBuildFile; fileRef = CE9940FC25E77610006DB8E9 /* ImagesListInteractor.swift */; };
		CE99410025E77616006DB8E9 /* ImagesListRouter.swift in Sources */ = {isa = PBXBuildFile; fileRef = CE9940FF25E77616006DB8E9 /* ImagesListRouter.swift */; };
		CE99410325E77928006DB8E9 /* ImagesListCollectionViewCell.swift in Sources */ = {isa = PBXBuildFile; fileRef = CE99410225E77928006DB8E9 /* ImagesListCollectionViewCell.swift */; };
		CE99410C25E77AB9006DB8E9 /* ImageLoader.swift in Sources */ = {isa = PBXBuildFile; fileRef = CE99410B25E77AB9006DB8E9 /* ImageLoader.swift */; };
		CE99410F25E77B7B006DB8E9 /* AppConstants.swift in Sources */ = {isa = PBXBuildFile; fileRef = CE99410E25E77B7B006DB8E9 /* AppConstants.swift */; };
		CE99411225E77DA5006DB8E9 /* ImagesURLManager.swift in Sources */ = {isa = PBXBuildFile; fileRef = CE99411125E77DA5006DB8E9 /* ImagesURLManager.swift */; };
		CE99411625E78018006DB8E9 /* ImagesCollectionViewDataSource.swift in Sources */ = {isa = PBXBuildFile; fileRef = CE99411525E78018006DB8E9 /* ImagesCollectionViewDataSource.swift */; };
		CE99411A25E78026006DB8E9 /* ImagesCollectionViewDelegate.swift in Sources */ = {isa = PBXBuildFile; fileRef = CE99411925E78026006DB8E9 /* ImagesCollectionViewDelegate.swift */; };
/* End PBXBuildFile section */

/* Begin PBXContainerItemProxy section */
		CE1001E825F3380D001BFD2E /* PBXContainerItemProxy */ = {
			isa = PBXContainerItemProxy;
			containerPortal = CE9940C025E7725A006DB8E9 /* Project object */;
			proxyType = 1;
			remoteGlobalIDString = CE9940C725E7725A006DB8E9;
			remoteInfo = DromTestApp;
		};
		CE1001F825F33818001BFD2E /* PBXContainerItemProxy */ = {
			isa = PBXContainerItemProxy;
			containerPortal = CE9940C025E7725A006DB8E9 /* Project object */;
			proxyType = 1;
			remoteGlobalIDString = CE9940C725E7725A006DB8E9;
			remoteInfo = DromTestApp;
		};
/* End PBXContainerItemProxy section */

/* Begin PBXFileReference section */
		CE1001E325F3380D001BFD2E /* DromTestAppUITests.xctest */ = {isa = PBXFileReference; explicitFileType = wrapper.cfbundle; includeInIndex = 0; path = DromTestAppUITests.xctest; sourceTree = BUILT_PRODUCTS_DIR; };
		CE1001E525F3380D001BFD2E /* DromTestAppUITests.swift */ = {isa = PBXFileReference; lastKnownFileType = sourcecode.swift; path = DromTestAppUITests.swift; sourceTree = "<group>"; };
		CE1001E725F3380D001BFD2E /* Info.plist */ = {isa = PBXFileReference; lastKnownFileType = text.plist.xml; path = Info.plist; sourceTree = "<group>"; };
		CE1001F325F33818001BFD2E /* DromTestAppTests.xctest */ = {isa = PBXFileReference; explicitFileType = wrapper.cfbundle; includeInIndex = 0; path = DromTestAppTests.xctest; sourceTree = BUILT_PRODUCTS_DIR; };
		CE1001F725F33818001BFD2E /* Info.plist */ = {isa = PBXFileReference; lastKnownFileType = text.plist.xml; path = Info.plist; sourceTree = "<group>"; };
		CE1259FB25F5CF0F0066DC05 /* ImagesURLManagerTest.swift */ = {isa = PBXFileReference; lastKnownFileType = sourcecode.swift; path = ImagesURLManagerTest.swift; sourceTree = "<group>"; };
		CE125A0325F5D1B50066DC05 /* ImagesCollectionViewDataSourceTest.swift */ = {isa = PBXFileReference; lastKnownFileType = sourcecode.swift; path = ImagesCollectionViewDataSourceTest.swift; sourceTree = "<group>"; };
		CE48D3C625F47DEF00D79F5A /* ImagesListInteractorTest.swift */ = {isa = PBXFileReference; lastKnownFileType = sourcecode.swift; path = ImagesListInteractorTest.swift; sourceTree = "<group>"; };
		CE48D3D125F47E4B00D79F5A /* ImagesListPresenterTest.swift */ = {isa = PBXFileReference; lastKnownFileType = sourcecode.swift; path = ImagesListPresenterTest.swift; sourceTree = "<group>"; };
		CE48D3E425F47FD500D79F5A /* ImagesListInteractorTests.swift */ = {isa = PBXFileReference; lastKnownFileType = sourcecode.swift; path = ImagesListInteractorTests.swift; sourceTree = "<group>"; };
		CE48D3F025F48ADC00D79F5A /* ImagesListViewControllerTests.swift */ = {isa = PBXFileReference; lastKnownFileType = sourcecode.swift; path = ImagesListViewControllerTests.swift; sourceTree = "<group>"; };
		CE48D40325F48F6000D79F5A /* ImagesListPresenterTests.swift */ = {isa = PBXFileReference; lastKnownFileType = sourcecode.swift; path = ImagesListPresenterTests.swift; sourceTree = "<group>"; };
		CE48D41425F4902000D79F5A /* ImagesListRouterTest.swift */ = {isa = PBXFileReference; lastKnownFileType = sourcecode.swift; path = ImagesListRouterTest.swift; sourceTree = "<group>"; };
		CE48D41925F4912200D79F5A /* ImagesListViewTest.swift */ = {isa = PBXFileReference; lastKnownFileType = sourcecode.swift; path = ImagesListViewTest.swift; sourceTree = "<group>"; };
		CE9940C825E7725A006DB8E9 /* DromTestApp.app */ = {isa = PBXFileReference; explicitFileType = wrapper.application; includeInIndex = 0; path = DromTestApp.app; sourceTree = BUILT_PRODUCTS_DIR; };
		CE9940CB25E7725A006DB8E9 /* AppDelegate.swift */ = {isa = PBXFileReference; lastKnownFileType = sourcecode.swift; path = AppDelegate.swift; sourceTree = "<group>"; };
		CE9940CD25E7725A006DB8E9 /* SceneDelegate.swift */ = {isa = PBXFileReference; lastKnownFileType = sourcecode.swift; path = SceneDelegate.swift; sourceTree = "<group>"; };
		CE9940CF25E7725A006DB8E9 /* ImagesListViewController.swift */ = {isa = PBXFileReference; lastKnownFileType = sourcecode.swift; path = ImagesListViewController.swift; sourceTree = "<group>"; };
		CE9940D425E7725C006DB8E9 /* Assets.xcassets */ = {isa = PBXFileReference; lastKnownFileType = folder.assetcatalog; path = Assets.xcassets; sourceTree = "<group>"; };
		CE9940D725E7725C006DB8E9 /* Base */ = {isa = PBXFileReference; lastKnownFileType = file.storyboard; name = Base; path = Base.lproj/LaunchScreen.storyboard; sourceTree = "<group>"; };
		CE9940D925E7725C006DB8E9 /* Info.plist */ = {isa = PBXFileReference; lastKnownFileType = text.plist.xml; path = Info.plist; sourceTree = "<group>"; };
		CE9940E325E7742F006DB8E9 /* NavigationControllerAssembly.swift */ = {isa = PBXFileReference; lastKnownFileType = sourcecode.swift; path = NavigationControllerAssembly.swift; sourceTree = "<group>"; };
		CE9940ED25E7753C006DB8E9 /* ImagesListVCAssembly.swift */ = {isa = PBXFileReference; lastKnownFileType = sourcecode.swift; path = ImagesListVCAssembly.swift; sourceTree = "<group>"; };
		CE9940F125E775F3006DB8E9 /* ImagesListView.swift */ = {isa = PBXFileReference; lastKnownFileType = sourcecode.swift; path = ImagesListView.swift; sourceTree = "<group>"; };
		CE9940F925E77604006DB8E9 /* ImagesListPresenter.swift */ = {isa = PBXFileReference; lastKnownFileType = sourcecode.swift; path = ImagesListPresenter.swift; sourceTree = "<group>"; };
		CE9940FC25E77610006DB8E9 /* ImagesListInteractor.swift */ = {isa = PBXFileReference; lastKnownFileType = sourcecode.swift; path = ImagesListInteractor.swift; sourceTree = "<group>"; };
		CE9940FF25E77616006DB8E9 /* ImagesListRouter.swift */ = {isa = PBXFileReference; lastKnownFileType = sourcecode.swift; path = ImagesListRouter.swift; sourceTree = "<group>"; };
		CE99410225E77928006DB8E9 /* ImagesListCollectionViewCell.swift */ = {isa = PBXFileReference; lastKnownFileType = sourcecode.swift; path = ImagesListCollectionViewCell.swift; sourceTree = "<group>"; };
		CE99410B25E77AB9006DB8E9 /* ImageLoader.swift */ = {isa = PBXFileReference; lastKnownFileType = sourcecode.swift; path = ImageLoader.swift; sourceTree = "<group>"; };
		CE99410E25E77B7B006DB8E9 /* AppConstants.swift */ = {isa = PBXFileReference; lastKnownFileType = sourcecode.swift; path = AppConstants.swift; sourceTree = "<group>"; };
		CE99411125E77DA5006DB8E9 /* ImagesURLManager.swift */ = {isa = PBXFileReference; lastKnownFileType = sourcecode.swift; path = ImagesURLManager.swift; sourceTree = "<group>"; };
		CE99411525E78018006DB8E9 /* ImagesCollectionViewDataSource.swift */ = {isa = PBXFileReference; lastKnownFileType = sourcecode.swift; path = ImagesCollectionViewDataSource.swift; sourceTree = "<group>"; };
		CE99411925E78026006DB8E9 /* ImagesCollectionViewDelegate.swift */ = {isa = PBXFileReference; lastKnownFileType = sourcecode.swift; path = ImagesCollectionViewDelegate.swift; sourceTree = "<group>"; };
/* End PBXFileReference section */

/* Begin PBXFrameworksBuildPhase section */
		CE1001E025F3380D001BFD2E /* Frameworks */ = {
			isa = PBXFrameworksBuildPhase;
			buildActionMask = 2147483647;
			files = (
			);
			runOnlyForDeploymentPostprocessing = 0;
		};
		CE1001F025F33818001BFD2E /* Frameworks */ = {
			isa = PBXFrameworksBuildPhase;
			buildActionMask = 2147483647;
			files = (
			);
			runOnlyForDeploymentPostprocessing = 0;
		};
		CE9940C525E7725A006DB8E9 /* Frameworks */ = {
			isa = PBXFrameworksBuildPhase;
			buildActionMask = 2147483647;
			files = (
			);
			runOnlyForDeploymentPostprocessing = 0;
		};
/* End PBXFrameworksBuildPhase section */

/* Begin PBXGroup section */
		CE1001E425F3380D001BFD2E /* DromTestAppUITests */ = {
			isa = PBXGroup;
			children = (
				CE1001E525F3380D001BFD2E /* DromTestAppUITests.swift */,
				CE1001E725F3380D001BFD2E /* Info.plist */,
			);
			path = DromTestAppUITests;
			sourceTree = "<group>";
		};
		CE1001F425F33818001BFD2E /* DromTestAppTests */ = {
			isa = PBXGroup;
			children = (
				CE1001F725F33818001BFD2E /* Info.plist */,
				CE48D3E925F487EE00D79F5A /* ImagesListTests */,
				CE48D3C425F47D9F00D79F5A /* TestDoubles */,
			);
			path = DromTestAppTests;
			sourceTree = "<group>";
		};
		CE48D3C425F47D9F00D79F5A /* TestDoubles */ = {
			isa = PBXGroup;
			children = (
				CE48D3C525F47DA400D79F5A /* Spies */,
			);
			path = TestDoubles;
			sourceTree = "<group>";
		};
		CE48D3C525F47DA400D79F5A /* Spies */ = {
			isa = PBXGroup;
			children = (
				CE48D41925F4912200D79F5A /* ImagesListViewTest.swift */,
				CE48D3D125F47E4B00D79F5A /* ImagesListPresenterTest.swift */,
				CE48D3C625F47DEF00D79F5A /* ImagesListInteractorTest.swift */,
				CE48D41425F4902000D79F5A /* ImagesListRouterTest.swift */,
			);
			path = Spies;
			sourceTree = "<group>";
		};
		CE48D3E925F487EE00D79F5A /* ImagesListTests */ = {
			isa = PBXGroup;
			children = (
				CE48D3F025F48ADC00D79F5A /* ImagesListViewControllerTests.swift */,
				CE48D40325F48F6000D79F5A /* ImagesListPresenterTests.swift */,
				CE48D3E425F47FD500D79F5A /* ImagesListInteractorTests.swift */,
				CE1259FB25F5CF0F0066DC05 /* ImagesURLManagerTest.swift */,
				CE125A0325F5D1B50066DC05 /* ImagesCollectionViewDataSourceTest.swift */,
			);
			path = ImagesListTests;
			sourceTree = "<group>";
		};
		CE9940BF25E7725A006DB8E9 = {
			isa = PBXGroup;
			children = (
				CE9940CA25E7725A006DB8E9 /* DromTestApp */,
				CE1001E425F3380D001BFD2E /* DromTestAppUITests */,
				CE1001F425F33818001BFD2E /* DromTestAppTests */,
				CE9940C925E7725A006DB8E9 /* Products */,
			);
			sourceTree = "<group>";
		};
		CE9940C925E7725A006DB8E9 /* Products */ = {
			isa = PBXGroup;
			children = (
				CE9940C825E7725A006DB8E9 /* DromTestApp.app */,
				CE1001E325F3380D001BFD2E /* DromTestAppUITests.xctest */,
				CE1001F325F33818001BFD2E /* DromTestAppTests.xctest */,
			);
			name = Products;
			sourceTree = "<group>";
		};
		CE9940CA25E7725A006DB8E9 /* DromTestApp */ = {
			isa = PBXGroup;
			children = (
				CE9940E625E77432006DB8E9 /* Assembly */,
				CE9940E125E773EB006DB8E9 /* App */,
				CE99410A25E77AA4006DB8E9 /* Model */,
				CE9940E925E77506006DB8E9 /* Modules */,
				CE9940D425E7725C006DB8E9 /* Assets.xcassets */,
				CE9940D625E7725C006DB8E9 /* LaunchScreen.storyboard */,
				CE9940D925E7725C006DB8E9 /* Info.plist */,
			);
			path = DromTestApp;
			sourceTree = "<group>";
		};
		CE9940E125E773EB006DB8E9 /* App */ = {
			isa = PBXGroup;
			children = (
				CE9940CB25E7725A006DB8E9 /* AppDelegate.swift */,
				CE9940CD25E7725A006DB8E9 /* SceneDelegate.swift */,
			);
			path = App;
			sourceTree = "<group>";
		};
		CE9940E625E77432006DB8E9 /* Assembly */ = {
			isa = PBXGroup;
			children = (
				CE9940E325E7742F006DB8E9 /* NavigationControllerAssembly.swift */,
				CE9940ED25E7753C006DB8E9 /* ImagesListVCAssembly.swift */,
			);
			path = Assembly;
			sourceTree = "<group>";
		};
		CE9940E825E774F8006DB8E9 /* ImagesList */ = {
			isa = PBXGroup;
			children = (
				CE9940F425E775F6006DB8E9 /* Views */,
				CE9940CF25E7725A006DB8E9 /* ImagesListViewController.swift */,
				CE9940F925E77604006DB8E9 /* ImagesListPresenter.swift */,
				CE9940FC25E77610006DB8E9 /* ImagesListInteractor.swift */,
				CE9940FF25E77616006DB8E9 /* ImagesListRouter.swift */,
			);
			path = ImagesList;
			sourceTree = "<group>";
		};
		CE9940E925E77506006DB8E9 /* Modules */ = {
			isa = PBXGroup;
			children = (
				CE9940E825E774F8006DB8E9 /* ImagesList */,
			);
			path = Modules;
			sourceTree = "<group>";
		};
		CE9940F425E775F6006DB8E9 /* Views */ = {
			isa = PBXGroup;
			children = (
				CE9940F125E775F3006DB8E9 /* ImagesListView.swift */,
				CE99410225E77928006DB8E9 /* ImagesListCollectionViewCell.swift */,
			);
			path = Views;
			sourceTree = "<group>";
		};
		CE99410A25E77AA4006DB8E9 /* Model */ = {
			isa = PBXGroup;
			children = (
				CE99410B25E77AB9006DB8E9 /* ImageLoader.swift */,
				CE99410E25E77B7B006DB8E9 /* AppConstants.swift */,
				CE99411125E77DA5006DB8E9 /* ImagesURLManager.swift */,
				CE99411425E78005006DB8E9 /* ImageCollectionViewModel */,
			);
			path = Model;
			sourceTree = "<group>";
		};
		CE99411425E78005006DB8E9 /* ImageCollectionViewModel */ = {
			isa = PBXGroup;
			children = (
				CE99411525E78018006DB8E9 /* ImagesCollectionViewDataSource.swift */,
				CE99411925E78026006DB8E9 /* ImagesCollectionViewDelegate.swift */,
			);
			path = ImageCollectionViewModel;
			sourceTree = "<group>";
		};
/* End PBXGroup section */

/* Begin PBXNativeTarget section */
		CE1001E225F3380D001BFD2E /* DromTestAppUITests */ = {
			isa = PBXNativeTarget;
			buildConfigurationList = CE1001EA25F3380D001BFD2E /* Build configuration list for PBXNativeTarget "DromTestAppUITests" */;
			buildPhases = (
				CE1001DF25F3380D001BFD2E /* Sources */,
				CE1001E025F3380D001BFD2E /* Frameworks */,
				CE1001E125F3380D001BFD2E /* Resources */,
			);
			buildRules = (
			);
			dependencies = (
				CE1001E925F3380D001BFD2E /* PBXTargetDependency */,
			);
			name = DromTestAppUITests;
			productName = DromTestAppUITests;
			productReference = CE1001E325F3380D001BFD2E /* DromTestAppUITests.xctest */;
			productType = "com.apple.product-type.bundle.ui-testing";
		};
		CE1001F225F33818001BFD2E /* DromTestAppTests */ = {
			isa = PBXNativeTarget;
			buildConfigurationList = CE1001FA25F33818001BFD2E /* Build configuration list for PBXNativeTarget "DromTestAppTests" */;
			buildPhases = (
				CE1001EF25F33818001BFD2E /* Sources */,
				CE1001F025F33818001BFD2E /* Frameworks */,
				CE1001F125F33818001BFD2E /* Resources */,
			);
			buildRules = (
			);
			dependencies = (
				CE1001F925F33818001BFD2E /* PBXTargetDependency */,
			);
			name = DromTestAppTests;
			productName = DromTestAppTests;
			productReference = CE1001F325F33818001BFD2E /* DromTestAppTests.xctest */;
			productType = "com.apple.product-type.bundle.unit-test";
		};
		CE9940C725E7725A006DB8E9 /* DromTestApp */ = {
			isa = PBXNativeTarget;
			buildConfigurationList = CE9940DC25E7725C006DB8E9 /* Build configuration list for PBXNativeTarget "DromTestApp" */;
			buildPhases = (
				CE9940C425E7725A006DB8E9 /* Sources */,
				CE9940C525E7725A006DB8E9 /* Frameworks */,
				CE9940C625E7725A006DB8E9 /* Resources */,
			);
			buildRules = (
			);
			dependencies = (
			);
			name = DromTestApp;
			productName = DromTestApp;
			productReference = CE9940C825E7725A006DB8E9 /* DromTestApp.app */;
			productType = "com.apple.product-type.application";
		};
/* End PBXNativeTarget section */

/* Begin PBXProject section */
		CE9940C025E7725A006DB8E9 /* Project object */ = {
			isa = PBXProject;
			attributes = {
				LastSwiftUpdateCheck = 1210;
				LastUpgradeCheck = 1210;
				TargetAttributes = {
					CE1001E225F3380D001BFD2E = {
						CreatedOnToolsVersion = 12.1;
						TestTargetID = CE9940C725E7725A006DB8E9;
					};
					CE1001F225F33818001BFD2E = {
						CreatedOnToolsVersion = 12.1;
						TestTargetID = CE9940C725E7725A006DB8E9;
					};
					CE9940C725E7725A006DB8E9 = {
						CreatedOnToolsVersion = 12.1;
					};
				};
			};
			buildConfigurationList = CE9940C325E7725A006DB8E9 /* Build configuration list for PBXProject "DromTestApp" */;
			compatibilityVersion = "Xcode 9.3";
			developmentRegion = en;
			hasScannedForEncodings = 0;
			knownRegions = (
				en,
				Base,
			);
			mainGroup = CE9940BF25E7725A006DB8E9;
			productRefGroup = CE9940C925E7725A006DB8E9 /* Products */;
			projectDirPath = "";
			projectRoot = "";
			targets = (
				CE9940C725E7725A006DB8E9 /* DromTestApp */,
				CE1001E225F3380D001BFD2E /* DromTestAppUITests */,
				CE1001F225F33818001BFD2E /* DromTestAppTests */,
			);
		};
/* End PBXProject section */

/* Begin PBXResourcesBuildPhase section */
		CE1001E125F3380D001BFD2E /* Resources */ = {
			isa = PBXResourcesBuildPhase;
			buildActionMask = 2147483647;
			files = (
			);
			runOnlyForDeploymentPostprocessing = 0;
		};
		CE1001F125F33818001BFD2E /* Resources */ = {
			isa = PBXResourcesBuildPhase;
			buildActionMask = 2147483647;
			files = (
			);
			runOnlyForDeploymentPostprocessing = 0;
		};
		CE9940C625E7725A006DB8E9 /* Resources */ = {
			isa = PBXResourcesBuildPhase;
			buildActionMask = 2147483647;
			files = (
				CE9940D825E7725C006DB8E9 /* LaunchScreen.storyboard in Resources */,
				CE9940D525E7725C006DB8E9 /* Assets.xcassets in Resources */,
			);
			runOnlyForDeploymentPostprocessing = 0;
		};
/* End PBXResourcesBuildPhase section */

/* Begin PBXSourcesBuildPhase section */
		CE1001DF25F3380D001BFD2E /* Sources */ = {
			isa = PBXSourcesBuildPhase;
			buildActionMask = 2147483647;
			files = (
				CE1001E625F3380D001BFD2E /* DromTestAppUITests.swift in Sources */,
			);
			runOnlyForDeploymentPostprocessing = 0;
		};
		CE1001EF25F33818001BFD2E /* Sources */ = {
			isa = PBXSourcesBuildPhase;
			buildActionMask = 2147483647;
			files = (
				CE48D41A25F4912200D79F5A /* ImagesListViewTest.swift in Sources */,
				CE48D41525F4902000D79F5A /* ImagesListRouterTest.swift in Sources */,
				CE48D3D225F47E4B00D79F5A /* ImagesListPresenterTest.swift in Sources */,
				CE48D40425F48F6000D79F5A /* ImagesListPresenterTests.swift in Sources */,
				CE48D3E525F47FD500D79F5A /* ImagesListInteractorTests.swift in Sources */,
				CE125A0425F5D1B50066DC05 /* ImagesCollectionViewDataSourceTest.swift in Sources */,
				CE1259FC25F5CF0F0066DC05 /* ImagesURLManagerTest.swift in Sources */,
				CE48D3F125F48ADC00D79F5A /* ImagesListViewControllerTests.swift in Sources */,
				CE48D3C725F47DEF00D79F5A /* ImagesListInteractorTest.swift in Sources */,
			);
			runOnlyForDeploymentPostprocessing = 0;
		};
		CE9940C425E7725A006DB8E9 /* Sources */ = {
			isa = PBXSourcesBuildPhase;
			buildActionMask = 2147483647;
			files = (
				CE9940F225E775F3006DB8E9 /* ImagesListView.swift in Sources */,
				CE99410025E77616006DB8E9 /* ImagesListRouter.swift in Sources */,
				CE99410325E77928006DB8E9 /* ImagesListCollectionViewCell.swift in Sources */,
				CE9940EE25E7753C006DB8E9 /* ImagesListVCAssembly.swift in Sources */,
				CE99411225E77DA5006DB8E9 /* ImagesURLManager.swift in Sources */,
				CE9940FD25E77610006DB8E9 /* ImagesListInteractor.swift in Sources */,
				CE99410C25E77AB9006DB8E9 /* ImageLoader.swift in Sources */,
				CE99411625E78018006DB8E9 /* ImagesCollectionViewDataSource.swift in Sources */,
				CE9940D025E7725A006DB8E9 /* ImagesListViewController.swift in Sources */,
				CE99410F25E77B7B006DB8E9 /* AppConstants.swift in Sources */,
				CE9940E425E7742F006DB8E9 /* NavigationControllerAssembly.swift in Sources */,
				CE9940CC25E7725A006DB8E9 /* AppDelegate.swift in Sources */,
				CE99411A25E78026006DB8E9 /* ImagesCollectionViewDelegate.swift in Sources */,
				CE9940FA25E77604006DB8E9 /* ImagesListPresenter.swift in Sources */,
				CE9940CE25E7725A006DB8E9 /* SceneDelegate.swift in Sources */,
			);
			runOnlyForDeploymentPostprocessing = 0;
		};
/* End PBXSourcesBuildPhase section */

/* Begin PBXTargetDependency section */
		CE1001E925F3380D001BFD2E /* PBXTargetDependency */ = {
			isa = PBXTargetDependency;
			target = CE9940C725E7725A006DB8E9 /* DromTestApp */;
			targetProxy = CE1001E825F3380D001BFD2E /* PBXContainerItemProxy */;
		};
		CE1001F925F33818001BFD2E /* PBXTargetDependency */ = {
			isa = PBXTargetDependency;
			target = CE9940C725E7725A006DB8E9 /* DromTestApp */;
			targetProxy = CE1001F825F33818001BFD2E /* PBXContainerItemProxy */;
		};
/* End PBXTargetDependency section */

/* Begin PBXVariantGroup section */
		CE9940D625E7725C006DB8E9 /* LaunchScreen.storyboard */ = {
			isa = PBXVariantGroup;
			children = (
				CE9940D725E7725C006DB8E9 /* Base */,
			);
			name = LaunchScreen.storyboard;
			sourceTree = "<group>";
		};
/* End PBXVariantGroup section */

/* Begin XCBuildConfiguration section */
		CE1001EB25F3380D001BFD2E /* Debug */ = {
			isa = XCBuildConfiguration;
			buildSettings = {
				CODE_SIGN_STYLE = Automatic;
				DEVELOPMENT_TEAM = DB9UTG3H5X;
				INFOPLIST_FILE = DromTestAppUITests/Info.plist;
				LD_RUNPATH_SEARCH_PATHS = (
					"$(inherited)",
					"@executable_path/Frameworks",
					"@loader_path/Frameworks",
				);
				PRODUCT_BUNDLE_IDENTIFIER = com.Lumko.DromTestAppUITests;
				PRODUCT_NAME = "$(TARGET_NAME)";
				SWIFT_VERSION = 5.0;
				TARGETED_DEVICE_FAMILY = "1,2";
				TEST_TARGET_NAME = DromTestApp;
			};
			name = Debug;
		};
		CE1001EC25F3380D001BFD2E /* Release */ = {
			isa = XCBuildConfiguration;
			buildSettings = {
				CODE_SIGN_STYLE = Automatic;
				DEVELOPMENT_TEAM = DB9UTG3H5X;
				INFOPLIST_FILE = DromTestAppUITests/Info.plist;
				LD_RUNPATH_SEARCH_PATHS = (
					"$(inherited)",
					"@executable_path/Frameworks",
					"@loader_path/Frameworks",
				);
				PRODUCT_BUNDLE_IDENTIFIER = com.Lumko.DromTestAppUITests;
				PRODUCT_NAME = "$(TARGET_NAME)";
				SWIFT_VERSION = 5.0;
				TARGETED_DEVICE_FAMILY = "1,2";
				TEST_TARGET_NAME = DromTestApp;
			};
			name = Release;
		};
		CE1001FB25F33818001BFD2E /* Debug */ = {
			isa = XCBuildConfiguration;
			buildSettings = {
				BUNDLE_LOADER = "$(TEST_HOST)";
				CODE_SIGN_STYLE = Automatic;
				DEVELOPMENT_TEAM = DB9UTG3H5X;
				INFOPLIST_FILE = DromTestAppTests/Info.plist;
				LD_RUNPATH_SEARCH_PATHS = (
					"$(inherited)",
					"@executable_path/Frameworks",
					"@loader_path/Frameworks",
				);
				PRODUCT_BUNDLE_IDENTIFIER = com.Lumko.DromTestAppTests;
				PRODUCT_NAME = "$(TARGET_NAME)";
				SWIFT_VERSION = 5.0;
				TARGETED_DEVICE_FAMILY = "1,2";
				TEST_HOST = "$(BUILT_PRODUCTS_DIR)/DromTestApp.app/DromTestApp";
			};
			name = Debug;
		};
		CE1001FC25F33818001BFD2E /* Release */ = {
			isa = XCBuildConfiguration;
			buildSettings = {
				BUNDLE_LOADER = "$(TEST_HOST)";
				CODE_SIGN_STYLE = Automatic;
				DEVELOPMENT_TEAM = DB9UTG3H5X;
				INFOPLIST_FILE = DromTestAppTests/Info.plist;
				LD_RUNPATH_SEARCH_PATHS = (
					"$(inherited)",
					"@executable_path/Frameworks",
					"@loader_path/Frameworks",
				);
				PRODUCT_BUNDLE_IDENTIFIER = com.Lumko.DromTestAppTests;
				PRODUCT_NAME = "$(TARGET_NAME)";
				SWIFT_VERSION = 5.0;
				TARGETED_DEVICE_FAMILY = "1,2";
				TEST_HOST = "$(BUILT_PRODUCTS_DIR)/DromTestApp.app/DromTestApp";
			};
			name = Release;
		};
		CE9940DA25E7725C006DB8E9 /* Debug */ = {
			isa = XCBuildConfiguration;
			buildSettings = {
				ALWAYS_SEARCH_USER_PATHS = NO;
				CLANG_ANALYZER_NONNULL = YES;
				CLANG_ANALYZER_NUMBER_OBJECT_CONVERSION = YES_AGGRESSIVE;
				CLANG_CXX_LANGUAGE_STANDARD = "gnu++14";
				CLANG_CXX_LIBRARY = "libc++";
				CLANG_ENABLE_MODULES = YES;
				CLANG_ENABLE_OBJC_ARC = YES;
				CLANG_ENABLE_OBJC_WEAK = YES;
				CLANG_WARN_BLOCK_CAPTURE_AUTORELEASING = YES;
				CLANG_WARN_BOOL_CONVERSION = YES;
				CLANG_WARN_COMMA = YES;
				CLANG_WARN_CONSTANT_CONVERSION = YES;
				CLANG_WARN_DEPRECATED_OBJC_IMPLEMENTATIONS = YES;
				CLANG_WARN_DIRECT_OBJC_ISA_USAGE = YES_ERROR;
				CLANG_WARN_DOCUMENTATION_COMMENTS = YES;
				CLANG_WARN_EMPTY_BODY = YES;
				CLANG_WARN_ENUM_CONVERSION = YES;
				CLANG_WARN_INFINITE_RECURSION = YES;
				CLANG_WARN_INT_CONVERSION = YES;
				CLANG_WARN_NON_LITERAL_NULL_CONVERSION = YES;
				CLANG_WARN_OBJC_IMPLICIT_RETAIN_SELF = YES;
				CLANG_WARN_OBJC_LITERAL_CONVERSION = YES;
				CLANG_WARN_OBJC_ROOT_CLASS = YES_ERROR;
				CLANG_WARN_QUOTED_INCLUDE_IN_FRAMEWORK_HEADER = YES;
				CLANG_WARN_RANGE_LOOP_ANALYSIS = YES;
				CLANG_WARN_STRICT_PROTOTYPES = YES;
				CLANG_WARN_SUSPICIOUS_MOVE = YES;
				CLANG_WARN_UNGUARDED_AVAILABILITY = YES_AGGRESSIVE;
				CLANG_WARN_UNREACHABLE_CODE = YES;
				CLANG_WARN__DUPLICATE_METHOD_MATCH = YES;
				COPY_PHASE_STRIP = NO;
				DEBUG_INFORMATION_FORMAT = dwarf;
				ENABLE_STRICT_OBJC_MSGSEND = YES;
				ENABLE_TESTABILITY = YES;
				GCC_C_LANGUAGE_STANDARD = gnu11;
				GCC_DYNAMIC_NO_PIC = NO;
				GCC_NO_COMMON_BLOCKS = YES;
				GCC_OPTIMIZATION_LEVEL = 0;
				GCC_PREPROCESSOR_DEFINITIONS = (
					"DEBUG=1",
					"$(inherited)",
				);
				GCC_WARN_64_TO_32_BIT_CONVERSION = YES;
				GCC_WARN_ABOUT_RETURN_TYPE = YES_ERROR;
				GCC_WARN_UNDECLARED_SELECTOR = YES;
				GCC_WARN_UNINITIALIZED_AUTOS = YES_AGGRESSIVE;
				GCC_WARN_UNUSED_FUNCTION = YES;
				GCC_WARN_UNUSED_VARIABLE = YES;
				IPHONEOS_DEPLOYMENT_TARGET = 14.1;
				MTL_ENABLE_DEBUG_INFO = INCLUDE_SOURCE;
				MTL_FAST_MATH = YES;
				ONLY_ACTIVE_ARCH = YES;
				SDKROOT = iphoneos;
				SWIFT_ACTIVE_COMPILATION_CONDITIONS = DEBUG;
				SWIFT_OPTIMIZATION_LEVEL = "-Onone";
			};
			name = Debug;
		};
		CE9940DB25E7725C006DB8E9 /* Release */ = {
			isa = XCBuildConfiguration;
			buildSettings = {
				ALWAYS_SEARCH_USER_PATHS = NO;
				CLANG_ANALYZER_NONNULL = YES;
				CLANG_ANALYZER_NUMBER_OBJECT_CONVERSION = YES_AGGRESSIVE;
				CLANG_CXX_LANGUAGE_STANDARD = "gnu++14";
				CLANG_CXX_LIBRARY = "libc++";
				CLANG_ENABLE_MODULES = YES;
				CLANG_ENABLE_OBJC_ARC = YES;
				CLANG_ENABLE_OBJC_WEAK = YES;
				CLANG_WARN_BLOCK_CAPTURE_AUTORELEASING = YES;
				CLANG_WARN_BOOL_CONVERSION = YES;
				CLANG_WARN_COMMA = YES;
				CLANG_WARN_CONSTANT_CONVERSION = YES;
				CLANG_WARN_DEPRECATED_OBJC_IMPLEMENTATIONS = YES;
				CLANG_WARN_DIRECT_OBJC_ISA_USAGE = YES_ERROR;
				CLANG_WARN_DOCUMENTATION_COMMENTS = YES;
				CLANG_WARN_EMPTY_BODY = YES;
				CLANG_WARN_ENUM_CONVERSION = YES;
				CLANG_WARN_INFINITE_RECURSION = YES;
				CLANG_WARN_INT_CONVERSION = YES;
				CLANG_WARN_NON_LITERAL_NULL_CONVERSION = YES;
				CLANG_WARN_OBJC_IMPLICIT_RETAIN_SELF = YES;
				CLANG_WARN_OBJC_LITERAL_CONVERSION = YES;
				CLANG_WARN_OBJC_ROOT_CLASS = YES_ERROR;
				CLANG_WARN_QUOTED_INCLUDE_IN_FRAMEWORK_HEADER = YES;
				CLANG_WARN_RANGE_LOOP_ANALYSIS = YES;
				CLANG_WARN_STRICT_PROTOTYPES = YES;
				CLANG_WARN_SUSPICIOUS_MOVE = YES;
				CLANG_WARN_UNGUARDED_AVAILABILITY = YES_AGGRESSIVE;
				CLANG_WARN_UNREACHABLE_CODE = YES;
				CLANG_WARN__DUPLICATE_METHOD_MATCH = YES;
				COPY_PHASE_STRIP = NO;
				DEBUG_INFORMATION_FORMAT = "dwarf-with-dsym";
				ENABLE_NS_ASSERTIONS = NO;
				ENABLE_STRICT_OBJC_MSGSEND = YES;
				GCC_C_LANGUAGE_STANDARD = gnu11;
				GCC_NO_COMMON_BLOCKS = YES;
				GCC_WARN_64_TO_32_BIT_CONVERSION = YES;
				GCC_WARN_ABOUT_RETURN_TYPE = YES_ERROR;
				GCC_WARN_UNDECLARED_SELECTOR = YES;
				GCC_WARN_UNINITIALIZED_AUTOS = YES_AGGRESSIVE;
				GCC_WARN_UNUSED_FUNCTION = YES;
				GCC_WARN_UNUSED_VARIABLE = YES;
				IPHONEOS_DEPLOYMENT_TARGET = 14.1;
				MTL_ENABLE_DEBUG_INFO = NO;
				MTL_FAST_MATH = YES;
				SDKROOT = iphoneos;
				SWIFT_COMPILATION_MODE = wholemodule;
				SWIFT_OPTIMIZATION_LEVEL = "-O";
				VALIDATE_PRODUCT = YES;
			};
			name = Release;
		};
		CE9940DD25E7725C006DB8E9 /* Debug */ = {
			isa = XCBuildConfiguration;
			buildSettings = {
				ASSETCATALOG_COMPILER_APPICON_NAME = AppIcon;
				ASSETCATALOG_COMPILER_GLOBAL_ACCENT_COLOR_NAME = AccentColor;
				CODE_SIGN_STYLE = Automatic;
				DEVELOPMENT_TEAM = DB9UTG3H5X;
				INFOPLIST_FILE = DromTestApp/Info.plist;
				LD_RUNPATH_SEARCH_PATHS = (
					"$(inherited)",
					"@executable_path/Frameworks",
				);
				PRODUCT_BUNDLE_IDENTIFIER = com.Lumko.DromTestApp;
				PRODUCT_NAME = "$(TARGET_NAME)";
				SWIFT_VERSION = 5.0;
				TARGETED_DEVICE_FAMILY = 1;
			};
			name = Debug;
		};
		CE9940DE25E7725C006DB8E9 /* Release */ = {
			isa = XCBuildConfiguration;
			buildSettings = {
				ASSETCATALOG_COMPILER_APPICON_NAME = AppIcon;
				ASSETCATALOG_COMPILER_GLOBAL_ACCENT_COLOR_NAME = AccentColor;
				CODE_SIGN_STYLE = Automatic;
				DEVELOPMENT_TEAM = DB9UTG3H5X;
				INFOPLIST_FILE = DromTestApp/Info.plist;
				LD_RUNPATH_SEARCH_PATHS = (
					"$(inherited)",
					"@executable_path/Frameworks",
				);
				PRODUCT_BUNDLE_IDENTIFIER = com.Lumko.DromTestApp;
				PRODUCT_NAME = "$(TARGET_NAME)";
				SWIFT_VERSION = 5.0;
				TARGETED_DEVICE_FAMILY = 1;
			};
			name = Release;
		};
/* End XCBuildConfiguration section */

/* Begin XCConfigurationList section */
		CE1001EA25F3380D001BFD2E /* Build configuration list for PBXNativeTarget "DromTestAppUITests" */ = {
			isa = XCConfigurationList;
			buildConfigurations = (
				CE1001EB25F3380D001BFD2E /* Debug */,
				CE1001EC25F3380D001BFD2E /* Release */,
			);
			defaultConfigurationIsVisible = 0;
			defaultConfigurationName = Release;
		};
		CE1001FA25F33818001BFD2E /* Build configuration list for PBXNativeTarget "DromTestAppTests" */ = {
			isa = XCConfigurationList;
			buildConfigurations = (
				CE1001FB25F33818001BFD2E /* Debug */,
				CE1001FC25F33818001BFD2E /* Release */,
			);
			defaultConfigurationIsVisible = 0;
			defaultConfigurationName = Release;
		};
		CE9940C325E7725A006DB8E9 /* Build configuration list for PBXProject "DromTestApp" */ = {
			isa = XCConfigurationList;
			buildConfigurations = (
				CE9940DA25E7725C006DB8E9 /* Debug */,
				CE9940DB25E7725C006DB8E9 /* Release */,
			);
			defaultConfigurationIsVisible = 0;
			defaultConfigurationName = Release;
		};
		CE9940DC25E7725C006DB8E9 /* Build configuration list for PBXNativeTarget "DromTestApp" */ = {
			isa = XCConfigurationList;
			buildConfigurations = (
				CE9940DD25E7725C006DB8E9 /* Debug */,
				CE9940DE25E7725C006DB8E9 /* Release */,
			);
			defaultConfigurationIsVisible = 0;
			defaultConfigurationName = Release;
		};
/* End XCConfigurationList section */
	};
	rootObject = CE9940C025E7725A006DB8E9 /* Project object */;
}
